
Microsoft Visual Studio Solution File, Format Version 12.00
# Visual Studio Version 16
VisualStudioVersion = 16.0.810.25
MinimumVisualStudioVersion = 10.0.40219.1
Project("{FAE04EC0-301F-11D3-BF4B-00C04F79EFBC}") = "TwelveDataDemo", "TwelveDataDemo.csproj", "{673E0FDC-833E-4E27-AD3E-7FFA8A0DBEAC}"
EndProject
Global
	GlobalSection(SolutionConfigurationPlatforms) = preSolution
		Debug|Any CPU = Debug|Any CPU
		Release|Any CPU = Release|Any CPU
	EndGlobalSection
	GlobalSection(ProjectConfigurationPlatforms) = postSolution
		{673E0FDC-833E-4E27-AD3E-7FFA8A0DBEAC}.Debug|Any CPU.ActiveCfg = Debug|Any CPU
		{673E0FDC-833E-4E27-AD3E-7FFA8A0DBEAC}.Debug|Any CPU.Build.0 = Debug|Any CPU
		{673E0FDC-833E-4E27-AD3E-7FFA8A0DBEAC}.Release|Any CPU.ActiveCfg = Release|Any CPU
		{673E0FDC-833E-4E27-AD3E-7FFA8A0DBEAC}.Release|Any CPU.Build.0 = Release|Any CPU
	EndGlobalSection
	GlobalSection(SolutionProperties) = preSolution
		HideSolutionNode = FALSE
	EndGlobalSection
	GlobalSection(ExtensibilityGlobals) = postSolution
		SolutionGuid = {24025F47-933B-4382-AF47-73FB79387A2A}
	EndGlobalSection
EndGlobal
